%{"calendar": {:hex, :calendar, "0.12.1"},
  "certifi": {:hex, :certifi, "0.3.0"},
  "combine": {:hex, :combine, "0.7.0"},
  "cowboy": {:hex, :cowboy, "1.0.4"},
  "cowlib": {:hex, :cowlib, "1.0.2"},
  "hackney": {:hex, :hackney, "1.4.8"},
  "idna": {:hex, :idna, "1.0.3"},
  "mimerl": {:hex, :mimerl, "1.0.2"},
  "plug": {:hex, :plug, "1.0.3"},
  "poison": {:hex, :poison, "1.5.0"},
  "ranch": {:hex, :ranch, "1.2.0"},
  "ssl_verify_hostname": {:hex, :ssl_verify_hostname, "1.0.5"},
  "timex": {:hex, :timex, "1.0.0"},
  "tzdata": {:hex, :tzdata, "0.1.8"}}
